
Microsoft Visual Studio Solution File, Format Version 12.00
Project("{FAE04EC0-301F-11D3-BF4B-00C04F79EFBC}") = "VyperSecurityAnalyzer", "VyperSecurityAnalyzer\VyperSecurityAnalyzer.csproj", "{8DE120C8-D24F-4737-BF79-C6202C46C971}"
EndProject
Project("{FAE04EC0-301F-11D3-BF4B-00C04F79EFBC}") = "VyperSecurityAnalyzer.Tests", "VyperSecurityAnalyzer.Tests\VyperSecurityAnalyzer.Tests.csproj", "{B923A842-5D0D-455C-9ED8-E189552048CE}"
EndProject
Global
	GlobalSection(SolutionConfigurationPlatforms) = preSolution
		Debug|Any CPU = Debug|Any CPU
		Release|Any CPU = Release|Any CPU
	EndGlobalSection
	GlobalSection(ProjectConfigurationPlatforms) = postSolution
		{8DE120C8-D24F-4737-BF79-C6202C46C971}.Debug|Any CPU.ActiveCfg = Debug|Any CPU
		{8DE120C8-D24F-4737-BF79-C6202C46C971}.Debug|Any CPU.Build.0 = Debug|Any CPU
		{8DE120C8-D24F-4737-BF79-C6202C46C971}.Release|Any CPU.ActiveCfg = Release|Any CPU
		{8DE120C8-D24F-4737-BF79-C6202C46C971}.Release|Any CPU.Build.0 = Release|Any CPU
		{B923A842-5D0D-455C-9ED8-E189552048CE}.Debug|Any CPU.ActiveCfg = Debug|Any CPU
		{B923A842-5D0D-455C-9ED8-E189552048CE}.Debug|Any CPU.Build.0 = Debug|Any CPU
		{B923A842-5D0D-455C-9ED8-E189552048CE}.Release|Any CPU.ActiveCfg = Release|Any CPU
		{B923A842-5D0D-455C-9ED8-E189552048CE}.Release|Any CPU.Build.0 = Release|Any CPU
	EndGlobalSection
EndGlobal
